// !$*UTF8*$!
{
	archiveVersion = 1;
	classes = {
	};
	objectVersion = 56;
	objects = {

/* Begin PBXBuildFile section */
		09B5E704292A9CF3C7ADAF0D /* PinLayout.framework in Embed Frameworks */ = {isa = PBXBuildFile; fileRef = 5AA64A209046E2B6B4A7D5CA /* PinLayout.framework */; settings = {ATTRIBUTES = (CodeSignOnCopy, RemoveHeadersOnCopy, ); }; };
		158E346F2D78307B00A3873E /* Reducer.swift in Sources */ = {isa = PBXBuildFile; fileRef = 158E346E2D78307800A3873E /* Reducer.swift */; };
		158E34712D785F2C00A3873E /* Environment.swift in Sources */ = {isa = PBXBuildFile; fileRef = 158E34702D785F2800A3873E /* Environment.swift */; };
		158E34732D786C5400A3873E /* State.swift in Sources */ = {isa = PBXBuildFile; fileRef = 158E34722D786C5300A3873E /* State.swift */; };
		158E34752D786C6700A3873E /* Action.swift in Sources */ = {isa = PBXBuildFile; fileRef = 158E34742D786C6500A3873E /* Action.swift */; };
		7742AD954658F081F0E43A07 /* swift-sharing_Sharing.bundle in Dependencies */ = {isa = PBXBuildFile; fileRef = B49558D4D4829E4914DCFD21 /* swift-sharing_Sharing.bundle */; };
		7B4C85A78F82CA44751082EB /* PinLayout.framework in Frameworks */ = {isa = PBXBuildFile; fileRef = 5AA64A209046E2B6B4A7D5CA /* PinLayout.framework */; };
		80F56378D19C0E7411A7E55B /* ComposableArchitecture.framework in Embed Frameworks */ = {isa = PBXBuildFile; fileRef = F15A990042251BD66D8F0D00 /* ComposableArchitecture.framework */; settings = {ATTRIBUTES = (CodeSignOnCopy, RemoveHeadersOnCopy, ); }; };
		89C7D251C352365369BB231A /* ComposableArchitecture.framework in Frameworks */ = {isa = PBXBuildFile; fileRef = F15A990042251BD66D8F0D00 /* ComposableArchitecture.framework */; };
		A2DFA28A7B6F8697EF48648A /* SceneDelegate.swift in Sources */ = {isa = PBXBuildFile; fileRef = 53BCD7C5BF470CCE9ADD7528 /* SceneDelegate.swift */; };
		CA337928F0BF3480BB2AA498 /* PromocodesViewController.swift in Sources */ = {isa = PBXBuildFile; fileRef = 776D5BA73CF56DB1EB4BA027 /* PromocodesViewController.swift */; };
		CDF789C87B35A5FDEF4982E7 /* swift-sharing_Sharing.bundle in Resources */ = {isa = PBXBuildFile; fileRef = B49558D4D4829E4914DCFD21 /* swift-sharing_Sharing.bundle */; };
		D47EDD4408BA702643457376 /* AppDelegate.swift in Sources */ = {isa = PBXBuildFile; fileRef = C7CFCB869FC9464CDB4FC484 /* AppDelegate.swift */; };
		F776E5FCB5864E5BEC4DC056 /* PromocodeService.swift in Sources */ = {isa = PBXBuildFile; fileRef = 27A10A41589DA4116243BDD1 /* PromocodeService.swift */; };
/* End PBXBuildFile section */

/* Begin PBXCopyFilesBuildPhase section */
		556FDB7A96C8CED00DE2C5A3 /* Dependencies */ = {
			isa = PBXCopyFilesBuildPhase;
			buildActionMask = 8;
			dstSubfolderSpec = 16;
			files = (
				7742AD954658F081F0E43A07 /* swift-sharing_Sharing.bundle in Dependencies */,
			);
			name = Dependencies;
			runOnlyForDeploymentPostprocessing = 1;
		};
		AF11AE9967D461157F06A3D6 /* Embed Frameworks */ = {
			isa = PBXCopyFilesBuildPhase;
			buildActionMask = 2147483647;
			dstPath = "";
			dstSubfolderSpec = 10;
			files = (
				80F56378D19C0E7411A7E55B /* ComposableArchitecture.framework in Embed Frameworks */,
				09B5E704292A9CF3C7ADAF0D /* PinLayout.framework in Embed Frameworks */,
			);
			name = "Embed Frameworks";
			runOnlyForDeploymentPostprocessing = 0;
		};
/* End PBXCopyFilesBuildPhase section */

/* Begin PBXFileReference section */
		158E346E2D78307800A3873E /* Reducer.swift */ = {isa = PBXFileReference; lastKnownFileType = sourcecode.swift; path = Reducer.swift; sourceTree = "<group>"; };
		158E34702D785F2800A3873E /* Environment.swift */ = {isa = PBXFileReference; lastKnownFileType = sourcecode.swift; path = Environment.swift; sourceTree = "<group>"; };
		158E34722D786C5300A3873E /* State.swift */ = {isa = PBXFileReference; lastKnownFileType = sourcecode.swift; path = State.swift; sourceTree = "<group>"; };
		158E34742D786C6500A3873E /* Action.swift */ = {isa = PBXFileReference; lastKnownFileType = sourcecode.swift; path = Action.swift; sourceTree = "<group>"; };
		27A10A41589DA4116243BDD1 /* PromocodeService.swift */ = {isa = PBXFileReference; lastKnownFileType = sourcecode.swift; path = PromocodeService.swift; sourceTree = "<group>"; };
		53BCD7C5BF470CCE9ADD7528 /* SceneDelegate.swift */ = {isa = PBXFileReference; lastKnownFileType = sourcecode.swift; path = SceneDelegate.swift; sourceTree = "<group>"; };
		5AA64A209046E2B6B4A7D5CA /* PinLayout.framework */ = {isa = PBXFileReference; explicitFileType = wrapper.framework; includeInIndex = 0; path = PinLayout.framework; sourceTree = BUILT_PRODUCTS_DIR; };
		776D5BA73CF56DB1EB4BA027 /* PromocodesViewController.swift */ = {isa = PBXFileReference; lastKnownFileType = sourcecode.swift; path = PromocodesViewController.swift; sourceTree = "<group>"; };
		B49558D4D4829E4914DCFD21 /* swift-sharing_Sharing.bundle */ = {isa = PBXFileReference; explicitFileType = wrapper.cfbundle; includeInIndex = 0; path = "swift-sharing_Sharing.bundle"; sourceTree = BUILT_PRODUCTS_DIR; };
		C250D72B4F73C5D4687E28E2 /* yandex_promocode_tca.app */ = {isa = PBXFileReference; explicitFileType = wrapper.application; includeInIndex = 0; path = yandex_promocode_tca.app; sourceTree = BUILT_PRODUCTS_DIR; };
		C7CFCB869FC9464CDB4FC484 /* AppDelegate.swift */ = {isa = PBXFileReference; lastKnownFileType = sourcecode.swift; path = AppDelegate.swift; sourceTree = "<group>"; };
		E4F9949D5271BC2076293C8D /* yandex-promocode-tca-Info.plist */ = {isa = PBXFileReference; lastKnownFileType = text.plist; path = "yandex-promocode-tca-Info.plist"; sourceTree = "<group>"; };
		F15A990042251BD66D8F0D00 /* ComposableArchitecture.framework */ = {isa = PBXFileReference; explicitFileType = wrapper.framework; includeInIndex = 0; path = ComposableArchitecture.framework; sourceTree = BUILT_PRODUCTS_DIR; };
/* End PBXFileReference section */

/* Begin PBXFrameworksBuildPhase section */
		B1174139154B2A01C79527CF /* Frameworks */ = {
			isa = PBXFrameworksBuildPhase;
			buildActionMask = 2147483647;
			files = (
				89C7D251C352365369BB231A /* ComposableArchitecture.framework in Frameworks */,
				7B4C85A78F82CA44751082EB /* PinLayout.framework in Frameworks */,
			);
			runOnlyForDeploymentPostprocessing = 0;
		};
/* End PBXFrameworksBuildPhase section */

/* Begin PBXGroup section */
		158E346D2D782D3B00A3873E /* Promocode */ = {
			isa = PBXGroup;
			children = (
				158E34742D786C6500A3873E /* Action.swift */,
				158E34722D786C5300A3873E /* State.swift */,
				158E34702D785F2800A3873E /* Environment.swift */,
				158E346E2D78307800A3873E /* Reducer.swift */,
				27A10A41589DA4116243BDD1 /* PromocodeService.swift */,
				776D5BA73CF56DB1EB4BA027 /* PromocodesViewController.swift */,
			);
			path = Promocode;
			sourceTree = "<group>";
		};
		542A889110B79EEBA60167AE /* Sources */ = {
			isa = PBXGroup;
			children = (
				158E346D2D782D3B00A3873E /* Promocode */,
				C7CFCB869FC9464CDB4FC484 /* AppDelegate.swift */,
				53BCD7C5BF470CCE9ADD7528 /* SceneDelegate.swift */,
			);
			path = Sources;
			sourceTree = "<group>";
		};
		664A42F5BBB712D5FB6D702C /* yandex-promocode-tca */ = {
			isa = PBXGroup;
			children = (
				542A889110B79EEBA60167AE /* Sources */,
			);
			path = "yandex-promocode-tca";
			sourceTree = "<group>";
		};
		7B77F0B1FBC7A5C056A0C13C = {
			isa = PBXGroup;
			children = (
				848674243AC459A9E7D63F92 /* Project */,
				C8EEFA356128D66EC1367AC7 /* Products */,
			);
			sourceTree = "<group>";
		};
		848674243AC459A9E7D63F92 /* Project */ = {
			isa = PBXGroup;
			children = (
				664A42F5BBB712D5FB6D702C /* yandex-promocode-tca */,
				E4F9949D5271BC2076293C8D /* yandex-promocode-tca-Info.plist */,
			);
			name = Project;
			sourceTree = "<group>";
		};
		C8EEFA356128D66EC1367AC7 /* Products */ = {
			isa = PBXGroup;
			children = (
				F15A990042251BD66D8F0D00 /* ComposableArchitecture.framework */,
				5AA64A209046E2B6B4A7D5CA /* PinLayout.framework */,
				B49558D4D4829E4914DCFD21 /* swift-sharing_Sharing.bundle */,
				C250D72B4F73C5D4687E28E2 /* yandex_promocode_tca.app */,
			);
			name = Products;
			sourceTree = "<group>";
		};
/* End PBXGroup section */

/* Begin PBXNativeTarget section */
		C3606F79B127D3B0A30C9462 /* yandex-promocode-tca */ = {
			isa = PBXNativeTarget;
			buildConfigurationList = A625287C76BBF73973D68AC8 /* Build configuration list for PBXNativeTarget "yandex-promocode-tca" */;
			buildPhases = (
				01B9E352B92B68F61794402A /* Sources */,
				82E2EEC090017F2DB421BAAC /* Resources */,
				B1174139154B2A01C79527CF /* Frameworks */,
				AF11AE9967D461157F06A3D6 /* Embed Frameworks */,
				556FDB7A96C8CED00DE2C5A3 /* Dependencies */,
			);
			buildRules = (
			);
			dependencies = (
			);
			name = "yandex-promocode-tca";
			packageProductDependencies = (
			);
			productName = yandex_promocode_tca;
			productReference = C250D72B4F73C5D4687E28E2 /* yandex_promocode_tca.app */;
			productType = "com.apple.product-type.application";
		};
/* End PBXNativeTarget section */

/* Begin PBXProject section */
		1629662BA3150EF8D890872F /* Project object */ = {
			isa = PBXProject;
			attributes = {
				BuildIndependentTargetsInParallel = YES;
			};
			buildConfigurationList = 2FCC0594B848121890C8C3F9 /* Build configuration list for PBXProject "yandex-promocode-tca" */;
			compatibilityVersion = "Xcode 14.0";
			developmentRegion = en;
			hasScannedForEncodings = 0;
			knownRegions = (
				Base,
				en,
			);
			mainGroup = 7B77F0B1FBC7A5C056A0C13C;
			productRefGroup = C8EEFA356128D66EC1367AC7 /* Products */;
			projectDirPath = "";
			projectRoot = "";
			targets = (
				C3606F79B127D3B0A30C9462 /* yandex-promocode-tca */,
			);
		};
/* End PBXProject section */

/* Begin PBXResourcesBuildPhase section */
		82E2EEC090017F2DB421BAAC /* Resources */ = {
			isa = PBXResourcesBuildPhase;
			buildActionMask = 2147483647;
			files = (
				CDF789C87B35A5FDEF4982E7 /* swift-sharing_Sharing.bundle in Resources */,
			);
			runOnlyForDeploymentPostprocessing = 0;
		};
/* End PBXResourcesBuildPhase section */

/* Begin PBXSourcesBuildPhase section */
		01B9E352B92B68F61794402A /* Sources */ = {
			isa = PBXSourcesBuildPhase;
			buildActionMask = 2147483647;
			files = (
				D47EDD4408BA702643457376 /* AppDelegate.swift in Sources */,
				158E34712D785F2C00A3873E /* Environment.swift in Sources */,
				F776E5FCB5864E5BEC4DC056 /* PromocodeService.swift in Sources */,
				A2DFA28A7B6F8697EF48648A /* SceneDelegate.swift in Sources */,
				158E346F2D78307B00A3873E /* Reducer.swift in Sources */,
				158E34752D786C6700A3873E /* Action.swift in Sources */,
				158E34732D786C5400A3873E /* State.swift in Sources */,
				CA337928F0BF3480BB2AA498 /* PromocodesViewController.swift in Sources */,
			);
			runOnlyForDeploymentPostprocessing = 0;
		};
/* End PBXSourcesBuildPhase section */

/* Begin XCBuildConfiguration section */
		6B1695492947C4BEA245C226 /* Debug */ = {
			isa = XCBuildConfiguration;
			buildSettings = {
				ASSETCATALOG_COMPILER_APPICON_NAME = AppIcon;
				CODE_SIGN_IDENTITY = "iPhone Developer";
				ENABLE_PREVIEWS = YES;
				HEADER_SEARCH_PATHS = (
					"$(inherited)",
					"$(SRCROOT)/Tuist/.build/checkouts/swift-navigation/Sources/UIKitNavigationShim/include",
					"$(SRCROOT)/Tuist/.build/checkouts/swift-syntax/Sources/_SwiftSyntaxCShims/include",
				);
				INFOPLIST_FILE = "yandex-promocode-tca-Info.plist";
				LD_RUNPATH_SEARCH_PATHS = (
					"$(inherited)",
					"@executable_path/Frameworks",
				);
				OTHER_CFLAGS = (
					"$(inherited)",
					"-fmodule-map-file=$(SRCROOT)/Tuist/.build/checkouts/swift-syntax/Sources/_SwiftSyntaxCShims/include/module.modulemap",
					"-fmodule-map-file=$(SRCROOT)/Tuist/.build/tuist-derived/UIKitNavigationShim/UIKitNavigationShim.modulemap",
				);
				OTHER_SWIFT_FLAGS = "$(inherited) -Xcc -fmodule-map-file=$(SRCROOT)/Tuist/.build/checkouts/swift-syntax/Sources/_SwiftSyntaxCShims/include/module.modulemap -Xcc -fmodule-map-file=$(SRCROOT)/Tuist/.build/tuist-derived/UIKitNavigationShim/UIKitNavigationShim.modulemap -load-plugin-executable $BUILD_DIR/Debug$EFFECTIVE_PLATFORM_NAME/CasePathsMacros#CasePathsMacros -load-plugin-executable $BUILD_DIR/Debug$EFFECTIVE_PLATFORM_NAME/ComposableArchitectureMacros#ComposableArchitectureMacros -load-plugin-executable $BUILD_DIR/Debug$EFFECTIVE_PLATFORM_NAME/DependenciesMacrosPlugin#DependenciesMacrosPlugin -load-plugin-executable $BUILD_DIR/Debug$EFFECTIVE_PLATFORM_NAME/PerceptionMacros#PerceptionMacros";
				PRODUCT_BUNDLE_IDENTIFIER = "io.tuist.yandex-promocode-tca";
				PRODUCT_NAME = yandex_promocode_tca;
				SDKROOT = iphoneos;
				SUPPORTS_MACCATALYST = NO;
				SUPPORTS_MAC_DESIGNED_FOR_IPHONE_IPAD = YES;
				SUPPORTS_XR_DESIGNED_FOR_IPHONE_IPAD = NO;
				SWIFT_ACTIVE_COMPILATION_CONDITIONS = "$(inherited) DEBUG";
				SWIFT_COMPILATION_MODE = singlefile;
				SWIFT_OPTIMIZATION_LEVEL = "-Onone";
				SWIFT_VERSION = 5.0;
				TARGETED_DEVICE_FAMILY = "1,2";
			};
			name = Debug;
		};
		6D64ABB533B479BC00D675E6 /* Release */ = {
			isa = XCBuildConfiguration;
			buildSettings = {
				ASSETCATALOG_COMPILER_APPICON_NAME = AppIcon;
				CODE_SIGN_IDENTITY = "iPhone Developer";
				ENABLE_PREVIEWS = YES;
				HEADER_SEARCH_PATHS = (
					"$(inherited)",
					"$(SRCROOT)/Tuist/.build/checkouts/swift-navigation/Sources/UIKitNavigationShim/include",
					"$(SRCROOT)/Tuist/.build/checkouts/swift-syntax/Sources/_SwiftSyntaxCShims/include",
				);
				INFOPLIST_FILE = "yandex-promocode-tca-Info.plist";
				LD_RUNPATH_SEARCH_PATHS = (
					"$(inherited)",
					"@executable_path/Frameworks",
				);
				OTHER_CFLAGS = (
					"$(inherited)",
					"-fmodule-map-file=$(SRCROOT)/Tuist/.build/checkouts/swift-syntax/Sources/_SwiftSyntaxCShims/include/module.modulemap",
					"-fmodule-map-file=$(SRCROOT)/Tuist/.build/tuist-derived/UIKitNavigationShim/UIKitNavigationShim.modulemap",
				);
				OTHER_SWIFT_FLAGS = "$(inherited) -Xcc -fmodule-map-file=$(SRCROOT)/Tuist/.build/checkouts/swift-syntax/Sources/_SwiftSyntaxCShims/include/module.modulemap -Xcc -fmodule-map-file=$(SRCROOT)/Tuist/.build/tuist-derived/UIKitNavigationShim/UIKitNavigationShim.modulemap -load-plugin-executable $BUILD_DIR/Debug$EFFECTIVE_PLATFORM_NAME/CasePathsMacros#CasePathsMacros -load-plugin-executable $BUILD_DIR/Debug$EFFECTIVE_PLATFORM_NAME/ComposableArchitectureMacros#ComposableArchitectureMacros -load-plugin-executable $BUILD_DIR/Debug$EFFECTIVE_PLATFORM_NAME/DependenciesMacrosPlugin#DependenciesMacrosPlugin -load-plugin-executable $BUILD_DIR/Debug$EFFECTIVE_PLATFORM_NAME/PerceptionMacros#PerceptionMacros";
				PRODUCT_BUNDLE_IDENTIFIER = "io.tuist.yandex-promocode-tca";
				PRODUCT_NAME = yandex_promocode_tca;
				SDKROOT = iphoneos;
				SUPPORTS_MACCATALYST = NO;
				SUPPORTS_MAC_DESIGNED_FOR_IPHONE_IPAD = YES;
				SUPPORTS_XR_DESIGNED_FOR_IPHONE_IPAD = NO;
				SWIFT_COMPILATION_MODE = wholemodule;
				SWIFT_OPTIMIZATION_LEVEL = "-Owholemodule";
				SWIFT_VERSION = 5.0;
				TARGETED_DEVICE_FAMILY = "1,2";
			};
			name = Release;
		};
		87CDE3C199403E34615AFBBC /* Release */ = {
			isa = XCBuildConfiguration;
			buildSettings = {
				ALWAYS_SEARCH_USER_PATHS = NO;
				CLANG_ANALYZER_LOCALIZABILITY_NONLOCALIZED = YES;
				CLANG_ANALYZER_NONNULL = YES;
				CLANG_ANALYZER_NUMBER_OBJECT_CONVERSION = YES_AGGRESSIVE;
				CLANG_CXX_LANGUAGE_STANDARD = "gnu++14";
				CLANG_CXX_LIBRARY = "libc++";
				CLANG_ENABLE_MODULES = YES;
				CLANG_ENABLE_OBJC_ARC = YES;
				CLANG_ENABLE_OBJC_WEAK = YES;
				CLANG_WARN_BLOCK_CAPTURE_AUTORELEASING = YES;
				CLANG_WARN_BOOL_CONVERSION = YES;
				CLANG_WARN_COMMA = YES;
				CLANG_WARN_CONSTANT_CONVERSION = YES;
				CLANG_WARN_DEPRECATED_OBJC_IMPLEMENTATIONS = YES;
				CLANG_WARN_DIRECT_OBJC_ISA_USAGE = YES_ERROR;
				CLANG_WARN_DOCUMENTATION_COMMENTS = YES;
				CLANG_WARN_EMPTY_BODY = YES;
				CLANG_WARN_ENUM_CONVERSION = YES;
				CLANG_WARN_INFINITE_RECURSION = YES;
				CLANG_WARN_INT_CONVERSION = YES;
				CLANG_WARN_NON_LITERAL_NULL_CONVERSION = YES;
				CLANG_WARN_OBJC_IMPLICIT_RETAIN_SELF = YES;
				CLANG_WARN_OBJC_LITERAL_CONVERSION = YES;
				CLANG_WARN_OBJC_ROOT_CLASS = YES_ERROR;
				CLANG_WARN_QUOTED_INCLUDE_IN_FRAMEWORK_HEADER = YES;
				CLANG_WARN_RANGE_LOOP_ANALYSIS = YES;
				CLANG_WARN_STRICT_PROTOTYPES = YES;
				CLANG_WARN_SUSPICIOUS_MOVE = YES;
				CLANG_WARN_UNGUARDED_AVAILABILITY = YES_AGGRESSIVE;
				CLANG_WARN_UNREACHABLE_CODE = YES;
				CLANG_WARN__DUPLICATE_METHOD_MATCH = YES;
				COPY_PHASE_STRIP = NO;
				DEAD_CODE_STRIPPING = YES;
				DEBUG_INFORMATION_FORMAT = "dwarf-with-dsym";
				ENABLE_NS_ASSERTIONS = NO;
				ENABLE_STRICT_OBJC_MSGSEND = YES;
				GCC_C_LANGUAGE_STANDARD = gnu11;
				GCC_NO_COMMON_BLOCKS = YES;
				GCC_WARN_64_TO_32_BIT_CONVERSION = YES;
				GCC_WARN_ABOUT_RETURN_TYPE = YES_ERROR;
				GCC_WARN_UNDECLARED_SELECTOR = YES;
				GCC_WARN_UNINITIALIZED_AUTOS = YES_AGGRESSIVE;
				GCC_WARN_UNUSED_FUNCTION = YES;
				GCC_WARN_UNUSED_VARIABLE = YES;
				MTL_ENABLE_DEBUG_INFO = NO;
				PRODUCT_NAME = "$(TARGET_NAME)";
				VALIDATE_PRODUCT = YES;
			};
			name = Release;
		};
		9194A7ED7992C3C76377902F /* Debug */ = {
			isa = XCBuildConfiguration;
			buildSettings = {
				ALWAYS_SEARCH_USER_PATHS = NO;
				CLANG_ANALYZER_LOCALIZABILITY_NONLOCALIZED = YES;
				CLANG_ANALYZER_NONNULL = YES;
				CLANG_ANALYZER_NUMBER_OBJECT_CONVERSION = YES_AGGRESSIVE;
				CLANG_CXX_LANGUAGE_STANDARD = "gnu++14";
				CLANG_CXX_LIBRARY = "libc++";
				CLANG_ENABLE_MODULES = YES;
				CLANG_ENABLE_OBJC_ARC = YES;
				CLANG_ENABLE_OBJC_WEAK = YES;
				CLANG_WARN_BLOCK_CAPTURE_AUTORELEASING = YES;
				CLANG_WARN_BOOL_CONVERSION = YES;
				CLANG_WARN_COMMA = YES;
				CLANG_WARN_CONSTANT_CONVERSION = YES;
				CLANG_WARN_DEPRECATED_OBJC_IMPLEMENTATIONS = YES;
				CLANG_WARN_DIRECT_OBJC_ISA_USAGE = YES_ERROR;
				CLANG_WARN_DOCUMENTATION_COMMENTS = YES;
				CLANG_WARN_EMPTY_BODY = YES;
				CLANG_WARN_ENUM_CONVERSION = YES;
				CLANG_WARN_INFINITE_RECURSION = YES;
				CLANG_WARN_INT_CONVERSION = YES;
				CLANG_WARN_NON_LITERAL_NULL_CONVERSION = YES;
				CLANG_WARN_OBJC_IMPLICIT_RETAIN_SELF = YES;
				CLANG_WARN_OBJC_LITERAL_CONVERSION = YES;
				CLANG_WARN_OBJC_ROOT_CLASS = YES_ERROR;
				CLANG_WARN_QUOTED_INCLUDE_IN_FRAMEWORK_HEADER = YES;
				CLANG_WARN_RANGE_LOOP_ANALYSIS = YES;
				CLANG_WARN_STRICT_PROTOTYPES = YES;
				CLANG_WARN_SUSPICIOUS_MOVE = YES;
				CLANG_WARN_UNGUARDED_AVAILABILITY = YES_AGGRESSIVE;
				CLANG_WARN_UNREACHABLE_CODE = YES;
				CLANG_WARN__DUPLICATE_METHOD_MATCH = YES;
				COPY_PHASE_STRIP = NO;
				DEAD_CODE_STRIPPING = YES;
				DEBUG_INFORMATION_FORMAT = dwarf;
				ENABLE_STRICT_OBJC_MSGSEND = YES;
				ENABLE_TESTABILITY = YES;
				GCC_C_LANGUAGE_STANDARD = gnu11;
				GCC_DYNAMIC_NO_PIC = NO;
				GCC_NO_COMMON_BLOCKS = YES;
				GCC_OPTIMIZATION_LEVEL = 0;
				GCC_PREPROCESSOR_DEFINITIONS = (
					"DEBUG=1",
					"$(inherited)",
				);
				GCC_WARN_64_TO_32_BIT_CONVERSION = YES;
				GCC_WARN_ABOUT_RETURN_TYPE = YES_ERROR;
				GCC_WARN_UNDECLARED_SELECTOR = YES;
				GCC_WARN_UNINITIALIZED_AUTOS = YES_AGGRESSIVE;
				GCC_WARN_UNUSED_FUNCTION = YES;
				GCC_WARN_UNUSED_VARIABLE = YES;
				MTL_ENABLE_DEBUG_INFO = YES;
				ONLY_ACTIVE_ARCH = YES;
				PRODUCT_NAME = "$(TARGET_NAME)";
			};
			name = Debug;
		};
/* End XCBuildConfiguration section */

/* Begin XCConfigurationList section */
		2FCC0594B848121890C8C3F9 /* Build configuration list for PBXProject "yandex-promocode-tca" */ = {
			isa = XCConfigurationList;
			buildConfigurations = (
				9194A7ED7992C3C76377902F /* Debug */,
				87CDE3C199403E34615AFBBC /* Release */,
			);
			defaultConfigurationIsVisible = 0;
			defaultConfigurationName = Release;
		};
		A625287C76BBF73973D68AC8 /* Build configuration list for PBXNativeTarget "yandex-promocode-tca" */ = {
			isa = XCConfigurationList;
			buildConfigurations = (
				6B1695492947C4BEA245C226 /* Debug */,
				6D64ABB533B479BC00D675E6 /* Release */,
			);
			defaultConfigurationIsVisible = 0;
			defaultConfigurationName = Release;
		};
/* End XCConfigurationList section */
	};
	rootObject = 1629662BA3150EF8D890872F /* Project object */;
}
